
Microsoft Visual Studio Solution File, Format Version 12.00
# Visual Studio Version 17
VisualStudioVersion = 17.0.32014.148
MinimumVisualStudioVersion = 10.0.40219.1
Project("{9A19103F-16F7-4668-BE54-9A1E7A4F7556}") = "BusinessObject", "BusinessObject\BusinessObject.csproj", "{9E993498-E5EA-43A5-9D0B-6239055DED6D}"
EndProject
Project("{9A19103F-16F7-4668-BE54-9A1E7A4F7556}") = "eStoreAPI", "eStoreAPI\eStoreAPI.csproj", "{A3604B6A-83A0-46C5-B9D2-B9937E65C259}"
EndProject
Project("{9A19103F-16F7-4668-BE54-9A1E7A4F7556}") = "DataAccess", "DataAccess\DataAccess.csproj", "{C8AD1498-874F-4241-9D86-677C6381949B}"
EndProject
Project("{9A19103F-16F7-4668-BE54-9A1E7A4F7556}") = "WebApplication1", "WebApplication1\WebApplication1.csproj", "{03F6557F-4697-4649-90A0-DC08339E3F93}"
EndProject
Project("{9A19103F-16F7-4668-BE54-9A1E7A4F7556}") = "eStoreClient", "eStoreClient\eStoreClient.csproj", "{0AF278B4-A2AE-467A-AE52-7F3ADC2AB4E3}"
EndProject
Project("{2150E333-8FDC-42A3-9474-1A3956D46DE8}") = "Solution Items", "Solution Items", "{776AF337-4A7E-44A1-A97A-56D222E7AFA6}"
	ProjectSection(SolutionItems) = preProject
		.editorconfig = .editorconfig
	EndProjectSection
EndProject
Global
	GlobalSection(SolutionConfigurationPlatforms) = preSolution
		Debug|Any CPU = Debug|Any CPU
		Release|Any CPU = Release|Any CPU
	EndGlobalSection
	GlobalSection(ProjectConfigurationPlatforms) = postSolution
		{9E993498-E5EA-43A5-9D0B-6239055DED6D}.Debug|Any CPU.ActiveCfg = Debug|Any CPU
		{9E993498-E5EA-43A5-9D0B-6239055DED6D}.Debug|Any CPU.Build.0 = Debug|Any CPU
		{9E993498-E5EA-43A5-9D0B-6239055DED6D}.Release|Any CPU.ActiveCfg = Release|Any CPU
		{9E993498-E5EA-43A5-9D0B-6239055DED6D}.Release|Any CPU.Build.0 = Release|Any CPU
		{A3604B6A-83A0-46C5-B9D2-B9937E65C259}.Debug|Any CPU.ActiveCfg = Debug|Any CPU
		{A3604B6A-83A0-46C5-B9D2-B9937E65C259}.Debug|Any CPU.Build.0 = Debug|Any CPU
		{A3604B6A-83A0-46C5-B9D2-B9937E65C259}.Release|Any CPU.ActiveCfg = Release|Any CPU
		{A3604B6A-83A0-46C5-B9D2-B9937E65C259}.Release|Any CPU.Build.0 = Release|Any CPU
		{C8AD1498-874F-4241-9D86-677C6381949B}.Debug|Any CPU.ActiveCfg = Debug|Any CPU
		{C8AD1498-874F-4241-9D86-677C6381949B}.Debug|Any CPU.Build.0 = Debug|Any CPU
		{C8AD1498-874F-4241-9D86-677C6381949B}.Release|Any CPU.ActiveCfg = Release|Any CPU
		{C8AD1498-874F-4241-9D86-677C6381949B}.Release|Any CPU.Build.0 = Release|Any CPU
		{03F6557F-4697-4649-90A0-DC08339E3F93}.Debug|Any CPU.ActiveCfg = Debug|Any CPU
		{03F6557F-4697-4649-90A0-DC08339E3F93}.Debug|Any CPU.Build.0 = Debug|Any CPU
		{03F6557F-4697-4649-90A0-DC08339E3F93}.Release|Any CPU.ActiveCfg = Release|Any CPU
		{03F6557F-4697-4649-90A0-DC08339E3F93}.Release|Any CPU.Build.0 = Release|Any CPU
		{0AF278B4-A2AE-467A-AE52-7F3ADC2AB4E3}.Debug|Any CPU.ActiveCfg = Debug|Any CPU
		{0AF278B4-A2AE-467A-AE52-7F3ADC2AB4E3}.Debug|Any CPU.Build.0 = Debug|Any CPU
		{0AF278B4-A2AE-467A-AE52-7F3ADC2AB4E3}.Release|Any CPU.ActiveCfg = Release|Any CPU
		{0AF278B4-A2AE-467A-AE52-7F3ADC2AB4E3}.Release|Any CPU.Build.0 = Release|Any CPU
	EndGlobalSection
	GlobalSection(SolutionProperties) = preSolution
		HideSolutionNode = FALSE
	EndGlobalSection
	GlobalSection(ExtensibilityGlobals) = postSolution
		SolutionGuid = {E55C61EA-5557-4C26-B669-074B8C83474D}
	EndGlobalSection
EndGlobal
