
Microsoft Visual Studio Solution File, Format Version 12.00
# Visual Studio Version 17
VisualStudioVersion = 17.0.32014.148
MinimumVisualStudioVersion = 10.0.40219.1
Project("{FAE04EC0-301F-11D3-BF4B-00C04F79EFBC}") = "BusinessObject", "BusinessObject\BusinessObject.csproj", "{9E993498-E5EA-43A5-9D0B-6239055DED6D}"
EndProject
Project("{FAE04EC0-301F-11D3-BF4B-00C04F79EFBC}") = "eStoreAPI", "eStoreAPI\eStoreAPI.csproj", "{A3604B6A-83A0-46C5-B9D2-B9937E65C259}"
EndProject
Global
	GlobalSection(SolutionConfigurationPlatforms) = preSolution
		Debug|Any CPU = Debug|Any CPU
		Release|Any CPU = Release|Any CPU
	EndGlobalSection
	GlobalSection(ProjectConfigurationPlatforms) = postSolution
		{9E993498-E5EA-43A5-9D0B-6239055DED6D}.Debug|Any CPU.ActiveCfg = Debug|Any CPU
		{9E993498-E5EA-43A5-9D0B-6239055DED6D}.Debug|Any CPU.Build.0 = Debug|Any CPU
		{9E993498-E5EA-43A5-9D0B-6239055DED6D}.Release|Any CPU.ActiveCfg = Release|Any CPU
		{9E993498-E5EA-43A5-9D0B-6239055DED6D}.Release|Any CPU.Build.0 = Release|Any CPU
		{A3604B6A-83A0-46C5-B9D2-B9937E65C259}.Debug|Any CPU.ActiveCfg = Debug|Any CPU
		{A3604B6A-83A0-46C5-B9D2-B9937E65C259}.Debug|Any CPU.Build.0 = Debug|Any CPU
		{A3604B6A-83A0-46C5-B9D2-B9937E65C259}.Release|Any CPU.ActiveCfg = Release|Any CPU
		{A3604B6A-83A0-46C5-B9D2-B9937E65C259}.Release|Any CPU.Build.0 = Release|Any CPU
	EndGlobalSection
	GlobalSection(SolutionProperties) = preSolution
		HideSolutionNode = FALSE
	EndGlobalSection
	GlobalSection(ExtensibilityGlobals) = postSolution
		SolutionGuid = {E55C61EA-5557-4C26-B669-074B8C83474D}
	EndGlobalSection
EndGlobal
